
Microsoft Visual Studio Solution File, Format Version 12.00
# Visual Studio Version 17
VisualStudioVersion = 17.0.32126.317
MinimumVisualStudioVersion = 10.0.40219.1
Project("{FAE04EC0-301F-11D3-BF4B-00C04F79EFBC}") = "SearchWord", "SearchWord\SearchWord.csproj", "{F705CD14-594A-4DD9-86E7-8EBC7C6C9B8F}"
EndProject
Global
	GlobalSection(SolutionConfigurationPlatforms) = preSolution
		Debug|Any CPU = Debug|Any CPU
		Release|Any CPU = Release|Any CPU
	EndGlobalSection
	GlobalSection(ProjectConfigurationPlatforms) = postSolution
		{F705CD14-594A-4DD9-86E7-8EBC7C6C9B8F}.Debug|Any CPU.ActiveCfg = Debug|Any CPU
		{F705CD14-594A-4DD9-86E7-8EBC7C6C9B8F}.Debug|Any CPU.Build.0 = Debug|Any CPU
		{F705CD14-594A-4DD9-86E7-8EBC7C6C9B8F}.Release|Any CPU.ActiveCfg = Release|Any CPU
		{F705CD14-594A-4DD9-86E7-8EBC7C6C9B8F}.Release|Any CPU.Build.0 = Release|Any CPU
	EndGlobalSection
	GlobalSection(SolutionProperties) = preSolution
		HideSolutionNode = FALSE
	EndGlobalSection
	GlobalSection(ExtensibilityGlobals) = postSolution
		SolutionGuid = {0EA0F180-C350-4C81-A11E-81DF95F5FBFC}
	EndGlobalSection
EndGlobal
